// !$*UTF8*$!
{
	archiveVersion = 1;
	classes = {
	};
	objectVersion = 56;
	objects = {

/* Begin PBXBuildFile section */
		F16D105F2B9DAA5C00EFB463 /* AppDelegate.swift in Sources */ = {isa = PBXBuildFile; fileRef = F16D105E2B9DAA5C00EFB463 /* AppDelegate.swift */; };
		F16D10612B9DAA5C00EFB463 /* SceneDelegate.swift in Sources */ = {isa = PBXBuildFile; fileRef = F16D10602B9DAA5C00EFB463 /* SceneDelegate.swift */; };
		F16D10632B9DAA5C00EFB463 /* ViewController.swift in Sources */ = {isa = PBXBuildFile; fileRef = F16D10622B9DAA5C00EFB463 /* ViewController.swift */; };
		F16D10662B9DAA5C00EFB463 /* Main.storyboard in Resources */ = {isa = PBXBuildFile; fileRef = F16D10642B9DAA5C00EFB463 /* Main.storyboard */; };
		F16D10682B9DAA5D00EFB463 /* Assets.xcassets in Resources */ = {isa = PBXBuildFile; fileRef = F16D10672B9DAA5D00EFB463 /* Assets.xcassets */; };
		F16D106B2B9DAA5D00EFB463 /* LaunchScreen.storyboard in Resources */ = {isa = PBXBuildFile; fileRef = F16D10692B9DAA5D00EFB463 /* LaunchScreen.storyboard */; };
		F16D10762B9DAA5D00EFB463 /* SwiftBasicTests.swift in Sources */ = {isa = PBXBuildFile; fileRef = F16D10752B9DAA5D00EFB463 /* SwiftBasicTests.swift */; };
		F16D10802B9DAA5D00EFB463 /* SwiftBasicUITests.swift in Sources */ = {isa = PBXBuildFile; fileRef = F16D107F2B9DAA5D00EFB463 /* SwiftBasicUITests.swift */; };
		F16D10822B9DAA5D00EFB463 /* SwiftBasicUITestsLaunchTests.swift in Sources */ = {isa = PBXBuildFile; fileRef = F16D10812B9DAA5D00EFB463 /* SwiftBasicUITestsLaunchTests.swift */; };
/* End PBXBuildFile section */

/* Begin PBXContainerItemProxy section */
		F16D10722B9DAA5D00EFB463 /* PBXContainerItemProxy */ = {
			isa = PBXContainerItemProxy;
			containerPortal = F16D10532B9DAA5C00EFB463 /* Project object */;
			proxyType = 1;
			remoteGlobalIDString = F16D105A2B9DAA5C00EFB463;
			remoteInfo = SwiftBasic;
		};
		F16D107C2B9DAA5D00EFB463 /* PBXContainerItemProxy */ = {
			isa = PBXContainerItemProxy;
			containerPortal = F16D10532B9DAA5C00EFB463 /* Project object */;
			proxyType = 1;
			remoteGlobalIDString = F16D105A2B9DAA5C00EFB463;
			remoteInfo = SwiftBasic;
		};
/* End PBXContainerItemProxy section */

/* Begin PBXFileReference section */
		F16D105B2B9DAA5C00EFB463 /* SwiftBasic.app */ = {isa = PBXFileReference; explicitFileType = wrapper.application; includeInIndex = 0; path = SwiftBasic.app; sourceTree = BUILT_PRODUCTS_DIR; };
		F16D105E2B9DAA5C00EFB463 /* AppDelegate.swift */ = {isa = PBXFileReference; lastKnownFileType = sourcecode.swift; path = AppDelegate.swift; sourceTree = "<group>"; };
		F16D10602B9DAA5C00EFB463 /* SceneDelegate.swift */ = {isa = PBXFileReference; lastKnownFileType = sourcecode.swift; path = SceneDelegate.swift; sourceTree = "<group>"; };
		F16D10622B9DAA5C00EFB463 /* ViewController.swift */ = {isa = PBXFileReference; lastKnownFileType = sourcecode.swift; path = ViewController.swift; sourceTree = "<group>"; };
		F16D10652B9DAA5C00EFB463 /* Base */ = {isa = PBXFileReference; lastKnownFileType = file.storyboard; name = Base; path = Base.lproj/Main.storyboard; sourceTree = "<group>"; };
		F16D10672B9DAA5D00EFB463 /* Assets.xcassets */ = {isa = PBXFileReference; lastKnownFileType = folder.assetcatalog; path = Assets.xcassets; sourceTree = "<group>"; };
		F16D106A2B9DAA5D00EFB463 /* Base */ = {isa = PBXFileReference; lastKnownFileType = file.storyboard; name = Base; path = Base.lproj/LaunchScreen.storyboard; sourceTree = "<group>"; };
		F16D106C2B9DAA5D00EFB463 /* Info.plist */ = {isa = PBXFileReference; lastKnownFileType = text.plist.xml; path = Info.plist; sourceTree = "<group>"; };
		F16D10712B9DAA5D00EFB463 /* SwiftBasicTests.xctest */ = {isa = PBXFileReference; explicitFileType = wrapper.cfbundle; includeInIndex = 0; path = SwiftBasicTests.xctest; sourceTree = BUILT_PRODUCTS_DIR; };
		F16D10752B9DAA5D00EFB463 /* SwiftBasicTests.swift */ = {isa = PBXFileReference; lastKnownFileType = sourcecode.swift; path = SwiftBasicTests.swift; sourceTree = "<group>"; };
		F16D107B2B9DAA5D00EFB463 /* SwiftBasicUITests.xctest */ = {isa = PBXFileReference; explicitFileType = wrapper.cfbundle; includeInIndex = 0; path = SwiftBasicUITests.xctest; sourceTree = BUILT_PRODUCTS_DIR; };
		F16D107F2B9DAA5D00EFB463 /* SwiftBasicUITests.swift */ = {isa = PBXFileReference; lastKnownFileType = sourcecode.swift; path = SwiftBasicUITests.swift; sourceTree = "<group>"; };
		F16D10812B9DAA5D00EFB463 /* SwiftBasicUITestsLaunchTests.swift */ = {isa = PBXFileReference; lastKnownFileType = sourcecode.swift; path = SwiftBasicUITestsLaunchTests.swift; sourceTree = "<group>"; };
/* End PBXFileReference section */

/* Begin PBXFrameworksBuildPhase section */
		F16D10582B9DAA5C00EFB463 /* Frameworks */ = {
			isa = PBXFrameworksBuildPhase;
			buildActionMask = 2147483647;
			files = (
			);
			runOnlyForDeploymentPostprocessing = 0;
		};
		F16D106E2B9DAA5D00EFB463 /* Frameworks */ = {
			isa = PBXFrameworksBuildPhase;
			buildActionMask = 2147483647;
			files = (
			);
			runOnlyForDeploymentPostprocessing = 0;
		};
		F16D10782B9DAA5D00EFB463 /* Frameworks */ = {
			isa = PBXFrameworksBuildPhase;
			buildActionMask = 2147483647;
			files = (
			);
			runOnlyForDeploymentPostprocessing = 0;
		};
/* End PBXFrameworksBuildPhase section */

/* Begin PBXGroup section */
		F16D10522B9DAA5C00EFB463 = {
			isa = PBXGroup;
			children = (
				F16D105D2B9DAA5C00EFB463 /* SwiftBasic */,
				F16D10742B9DAA5D00EFB463 /* SwiftBasicTests */,
				F16D107E2B9DAA5D00EFB463 /* SwiftBasicUITests */,
				F16D105C2B9DAA5C00EFB463 /* Products */,
			);
			sourceTree = "<group>";
		};
		F16D105C2B9DAA5C00EFB463 /* Products */ = {
			isa = PBXGroup;
			children = (
				F16D105B2B9DAA5C00EFB463 /* SwiftBasic.app */,
				F16D10712B9DAA5D00EFB463 /* SwiftBasicTests.xctest */,
				F16D107B2B9DAA5D00EFB463 /* SwiftBasicUITests.xctest */,
			);
			name = Products;
			sourceTree = "<group>";
		};
		F16D105D2B9DAA5C00EFB463 /* SwiftBasic */ = {
			isa = PBXGroup;
			children = (
				F16D105E2B9DAA5C00EFB463 /* AppDelegate.swift */,
				F16D10602B9DAA5C00EFB463 /* SceneDelegate.swift */,
				F16D10622B9DAA5C00EFB463 /* ViewController.swift */,
				F16D10642B9DAA5C00EFB463 /* Main.storyboard */,
				F16D10672B9DAA5D00EFB463 /* Assets.xcassets */,
				F16D10692B9DAA5D00EFB463 /* LaunchScreen.storyboard */,
				F16D106C2B9DAA5D00EFB463 /* Info.plist */,
			);
			path = SwiftBasic;
			sourceTree = "<group>";
		};
		F16D10742B9DAA5D00EFB463 /* SwiftBasicTests */ = {
			isa = PBXGroup;
			children = (
				F16D10752B9DAA5D00EFB463 /* SwiftBasicTests.swift */,
			);
			path = SwiftBasicTests;
			sourceTree = "<group>";
		};
		F16D107E2B9DAA5D00EFB463 /* SwiftBasicUITests */ = {
			isa = PBXGroup;
			children = (
				F16D107F2B9DAA5D00EFB463 /* SwiftBasicUITests.swift */,
				F16D10812B9DAA5D00EFB463 /* SwiftBasicUITestsLaunchTests.swift */,
			);
			path = SwiftBasicUITests;
			sourceTree = "<group>";
		};
/* End PBXGroup section */

/* Begin PBXNativeTarget section */
		F16D105A2B9DAA5C00EFB463 /* SwiftBasic */ = {
			isa = PBXNativeTarget;
			buildConfigurationList = F16D10852B9DAA5D00EFB463 /* Build configuration list for PBXNativeTarget "SwiftBasic" */;
			buildPhases = (
				F16D10572B9DAA5C00EFB463 /* Sources */,
				F16D10582B9DAA5C00EFB463 /* Frameworks */,
				F16D10592B9DAA5C00EFB463 /* Resources */,
			);
			buildRules = (
			);
			dependencies = (
			);
			name = SwiftBasic;
			productName = SwiftBasic;
			productReference = F16D105B2B9DAA5C00EFB463 /* SwiftBasic.app */;
			productType = "com.apple.product-type.application";
		};
		F16D10702B9DAA5D00EFB463 /* SwiftBasicTests */ = {
			isa = PBXNativeTarget;
			buildConfigurationList = F16D10882B9DAA5D00EFB463 /* Build configuration list for PBXNativeTarget "SwiftBasicTests" */;
			buildPhases = (
				F16D106D2B9DAA5D00EFB463 /* Sources */,
				F16D106E2B9DAA5D00EFB463 /* Frameworks */,
				F16D106F2B9DAA5D00EFB463 /* Resources */,
			);
			buildRules = (
			);
			dependencies = (
				F16D10732B9DAA5D00EFB463 /* PBXTargetDependency */,
			);
			name = SwiftBasicTests;
			productName = SwiftBasicTests;
			productReference = F16D10712B9DAA5D00EFB463 /* SwiftBasicTests.xctest */;
			productType = "com.apple.product-type.bundle.unit-test";
		};
		F16D107A2B9DAA5D00EFB463 /* SwiftBasicUITests */ = {
			isa = PBXNativeTarget;
			buildConfigurationList = F16D108B2B9DAA5D00EFB463 /* Build configuration list for PBXNativeTarget "SwiftBasicUITests" */;
			buildPhases = (
				F16D10772B9DAA5D00EFB463 /* Sources */,
				F16D10782B9DAA5D00EFB463 /* Frameworks */,
				F16D10792B9DAA5D00EFB463 /* Resources */,
			);
			buildRules = (
			);
			dependencies = (
				F16D107D2B9DAA5D00EFB463 /* PBXTargetDependency */,
			);
			name = SwiftBasicUITests;
			productName = SwiftBasicUITests;
			productReference = F16D107B2B9DAA5D00EFB463 /* SwiftBasicUITests.xctest */;
			productType = "com.apple.product-type.bundle.ui-testing";
		};
/* End PBXNativeTarget section */

/* Begin PBXProject section */
		F16D10532B9DAA5C00EFB463 /* Project object */ = {
			isa = PBXProject;
			attributes = {
				BuildIndependentTargetsInParallel = 1;
				LastSwiftUpdateCheck = 1520;
				LastUpgradeCheck = 1520;
				TargetAttributes = {
					F16D105A2B9DAA5C00EFB463 = {
						CreatedOnToolsVersion = 15.2;
					};
					F16D10702B9DAA5D00EFB463 = {
						CreatedOnToolsVersion = 15.2;
						TestTargetID = F16D105A2B9DAA5C00EFB463;
					};
					F16D107A2B9DAA5D00EFB463 = {
						CreatedOnToolsVersion = 15.2;
						TestTargetID = F16D105A2B9DAA5C00EFB463;
					};
				};
			};
			buildConfigurationList = F16D10562B9DAA5C00EFB463 /* Build configuration list for PBXProject "SwiftBasic" */;
			compatibilityVersion = "Xcode 14.0";
			developmentRegion = en;
			hasScannedForEncodings = 0;
			knownRegions = (
				en,
				Base,
			);
			mainGroup = F16D10522B9DAA5C00EFB463;
			productRefGroup = F16D105C2B9DAA5C00EFB463 /* Products */;
			projectDirPath = "";
			projectRoot = "";
			targets = (
				F16D105A2B9DAA5C00EFB463 /* SwiftBasic */,
				F16D10702B9DAA5D00EFB463 /* SwiftBasicTests */,
				F16D107A2B9DAA5D00EFB463 /* SwiftBasicUITests */,
			);
		};
/* End PBXProject section */

/* Begin PBXResourcesBuildPhase section */
		F16D10592B9DAA5C00EFB463 /* Resources */ = {
			isa = PBXResourcesBuildPhase;
			buildActionMask = 2147483647;
			files = (
				F16D106B2B9DAA5D00EFB463 /* LaunchScreen.storyboard in Resources */,
				F16D10682B9DAA5D00EFB463 /* Assets.xcassets in Resources */,
				F16D10662B9DAA5C00EFB463 /* Main.storyboard in Resources */,
			);
			runOnlyForDeploymentPostprocessing = 0;
		};
		F16D106F2B9DAA5D00EFB463 /* Resources */ = {
			isa = PBXResourcesBuildPhase;
			buildActionMask = 2147483647;
			files = (
			);
			runOnlyForDeploymentPostprocessing = 0;
		};
		F16D10792B9DAA5D00EFB463 /* Resources */ = {
			isa = PBXResourcesBuildPhase;
			buildActionMask = 2147483647;
			files = (
			);
			runOnlyForDeploymentPostprocessing = 0;
		};
/* End PBXResourcesBuildPhase section */

/* Begin PBXSourcesBuildPhase section */
		F16D10572B9DAA5C00EFB463 /* Sources */ = {
			isa = PBXSourcesBuildPhase;
			buildActionMask = 2147483647;
			files = (
				F16D10632B9DAA5C00EFB463 /* ViewController.swift in Sources */,
				F16D105F2B9DAA5C00EFB463 /* AppDelegate.swift in Sources */,
				F16D10612B9DAA5C00EFB463 /* SceneDelegate.swift in Sources */,
			);
			runOnlyForDeploymentPostprocessing = 0;
		};
		F16D106D2B9DAA5D00EFB463 /* Sources */ = {
			isa = PBXSourcesBuildPhase;
			buildActionMask = 2147483647;
			files = (
				F16D10762B9DAA5D00EFB463 /* SwiftBasicTests.swift in Sources */,
			);
			runOnlyForDeploymentPostprocessing = 0;
		};
		F16D10772B9DAA5D00EFB463 /* Sources */ = {
			isa = PBXSourcesBuildPhase;
			buildActionMask = 2147483647;
			files = (
				F16D10802B9DAA5D00EFB463 /* SwiftBasicUITests.swift in Sources */,
				F16D10822B9DAA5D00EFB463 /* SwiftBasicUITestsLaunchTests.swift in Sources */,
			);
			runOnlyForDeploymentPostprocessing = 0;
		};
/* End PBXSourcesBuildPhase section */

/* Begin PBXTargetDependency section */
		F16D10732B9DAA5D00EFB463 /* PBXTargetDependency */ = {
			isa = PBXTargetDependency;
			target = F16D105A2B9DAA5C00EFB463 /* SwiftBasic */;
			targetProxy = F16D10722B9DAA5D00EFB463 /* PBXContainerItemProxy */;
		};
		F16D107D2B9DAA5D00EFB463 /* PBXTargetDependency */ = {
			isa = PBXTargetDependency;
			target = F16D105A2B9DAA5C00EFB463 /* SwiftBasic */;
			targetProxy = F16D107C2B9DAA5D00EFB463 /* PBXContainerItemProxy */;
		};
/* End PBXTargetDependency section */

/* Begin PBXVariantGroup section */
		F16D10642B9DAA5C00EFB463 /* Main.storyboard */ = {
			isa = PBXVariantGroup;
			children = (
				F16D10652B9DAA5C00EFB463 /* Base */,
			);
			name = Main.storyboard;
			sourceTree = "<group>";
		};
		F16D10692B9DAA5D00EFB463 /* LaunchScreen.storyboard */ = {
			isa = PBXVariantGroup;
			children = (
				F16D106A2B9DAA5D00EFB463 /* Base */,
			);
			name = LaunchScreen.storyboard;
			sourceTree = "<group>";
		};
/* End PBXVariantGroup section */

/* Begin XCBuildConfiguration section */
		F16D10832B9DAA5D00EFB463 /* Debug */ = {
			isa = XCBuildConfiguration;
			buildSettings = {
				ALWAYS_SEARCH_USER_PATHS = NO;
				ASSETCATALOG_COMPILER_GENERATE_SWIFT_ASSET_SYMBOL_EXTENSIONS = YES;
				CLANG_ANALYZER_NONNULL = YES;
				CLANG_ANALYZER_NUMBER_OBJECT_CONVERSION = YES_AGGRESSIVE;
				CLANG_CXX_LANGUAGE_STANDARD = "gnu++20";
				CLANG_ENABLE_MODULES = YES;
				CLANG_ENABLE_OBJC_ARC = YES;
				CLANG_ENABLE_OBJC_WEAK = YES;
				CLANG_WARN_BLOCK_CAPTURE_AUTORELEASING = YES;
				CLANG_WARN_BOOL_CONVERSION = YES;
				CLANG_WARN_COMMA = YES;
				CLANG_WARN_CONSTANT_CONVERSION = YES;
				CLANG_WARN_DEPRECATED_OBJC_IMPLEMENTATIONS = YES;
				CLANG_WARN_DIRECT_OBJC_ISA_USAGE = YES_ERROR;
				CLANG_WARN_DOCUMENTATION_COMMENTS = YES;
				CLANG_WARN_EMPTY_BODY = YES;
				CLANG_WARN_ENUM_CONVERSION = YES;
				CLANG_WARN_INFINITE_RECURSION = YES;
				CLANG_WARN_INT_CONVERSION = YES;
				CLANG_WARN_NON_LITERAL_NULL_CONVERSION = YES;
				CLANG_WARN_OBJC_IMPLICIT_RETAIN_SELF = YES;
				CLANG_WARN_OBJC_LITERAL_CONVERSION = YES;
				CLANG_WARN_OBJC_ROOT_CLASS = YES_ERROR;
				CLANG_WARN_QUOTED_INCLUDE_IN_FRAMEWORK_HEADER = YES;
				CLANG_WARN_RANGE_LOOP_ANALYSIS = YES;
				CLANG_WARN_STRICT_PROTOTYPES = YES;
				CLANG_WARN_SUSPICIOUS_MOVE = YES;
				CLANG_WARN_UNGUARDED_AVAILABILITY = YES_AGGRESSIVE;
				CLANG_WARN_UNREACHABLE_CODE = YES;
				CLANG_WARN__DUPLICATE_METHOD_MATCH = YES;
				COPY_PHASE_STRIP = NO;
				DEBUG_INFORMATION_FORMAT = dwarf;
				ENABLE_STRICT_OBJC_MSGSEND = YES;
				ENABLE_TESTABILITY = YES;
				ENABLE_USER_SCRIPT_SANDBOXING = YES;
				GCC_C_LANGUAGE_STANDARD = gnu17;
				GCC_DYNAMIC_NO_PIC = NO;
				GCC_NO_COMMON_BLOCKS = YES;
				GCC_OPTIMIZATION_LEVEL = 0;
				GCC_PREPROCESSOR_DEFINITIONS = (
					"DEBUG=1",
					"$(inherited)",
				);
				GCC_WARN_64_TO_32_BIT_CONVERSION = YES;
				GCC_WARN_ABOUT_RETURN_TYPE = YES_ERROR;
				GCC_WARN_UNDECLARED_SELECTOR = YES;
				GCC_WARN_UNINITIALIZED_AUTOS = YES_AGGRESSIVE;
				GCC_WARN_UNUSED_FUNCTION = YES;
				GCC_WARN_UNUSED_VARIABLE = YES;
				IPHONEOS_DEPLOYMENT_TARGET = 17.2;
				LOCALIZATION_PREFERS_STRING_CATALOGS = YES;
				MTL_ENABLE_DEBUG_INFO = INCLUDE_SOURCE;
				MTL_FAST_MATH = YES;
				ONLY_ACTIVE_ARCH = YES;
				SDKROOT = iphoneos;
				SWIFT_ACTIVE_COMPILATION_CONDITIONS = "DEBUG $(inherited)";
				SWIFT_OPTIMIZATION_LEVEL = "-Onone";
			};
			name = Debug;
		};
		F16D10842B9DAA5D00EFB463 /* Release */ = {
			isa = XCBuildConfiguration;
			buildSettings = {
				ALWAYS_SEARCH_USER_PATHS = NO;
				ASSETCATALOG_COMPILER_GENERATE_SWIFT_ASSET_SYMBOL_EXTENSIONS = YES;
				CLANG_ANALYZER_NONNULL = YES;
				CLANG_ANALYZER_NUMBER_OBJECT_CONVERSION = YES_AGGRESSIVE;
				CLANG_CXX_LANGUAGE_STANDARD = "gnu++20";
				CLANG_ENABLE_MODULES = YES;
				CLANG_ENABLE_OBJC_ARC = YES;
				CLANG_ENABLE_OBJC_WEAK = YES;
				CLANG_WARN_BLOCK_CAPTURE_AUTORELEASING = YES;
				CLANG_WARN_BOOL_CONVERSION = YES;
				CLANG_WARN_COMMA = YES;
				CLANG_WARN_CONSTANT_CONVERSION = YES;
				CLANG_WARN_DEPRECATED_OBJC_IMPLEMENTATIONS = YES;
				CLANG_WARN_DIRECT_OBJC_ISA_USAGE = YES_ERROR;
				CLANG_WARN_DOCUMENTATION_COMMENTS = YES;
				CLANG_WARN_EMPTY_BODY = YES;
				CLANG_WARN_ENUM_CONVERSION = YES;
				CLANG_WARN_INFINITE_RECURSION = YES;
				CLANG_WARN_INT_CONVERSION = YES;
				CLANG_WARN_NON_LITERAL_NULL_CONVERSION = YES;
				CLANG_WARN_OBJC_IMPLICIT_RETAIN_SELF = YES;
				CLANG_WARN_OBJC_LITERAL_CONVERSION = YES;
				CLANG_WARN_OBJC_ROOT_CLASS = YES_ERROR;
				CLANG_WARN_QUOTED_INCLUDE_IN_FRAMEWORK_HEADER = YES;
				CLANG_WARN_RANGE_LOOP_ANALYSIS = YES;
				CLANG_WARN_STRICT_PROTOTYPES = YES;
				CLANG_WARN_SUSPICIOUS_MOVE = YES;
				CLANG_WARN_UNGUARDED_AVAILABILITY = YES_AGGRESSIVE;
				CLANG_WARN_UNREACHABLE_CODE = YES;
				CLANG_WARN__DUPLICATE_METHOD_MATCH = YES;
				COPY_PHASE_STRIP = NO;
				DEBUG_INFORMATION_FORMAT = "dwarf-with-dsym";
				ENABLE_NS_ASSERTIONS = NO;
				ENABLE_STRICT_OBJC_MSGSEND = YES;
				ENABLE_USER_SCRIPT_SANDBOXING = YES;
				GCC_C_LANGUAGE_STANDARD = gnu17;
				GCC_NO_COMMON_BLOCKS = YES;
				GCC_WARN_64_TO_32_BIT_CONVERSION = YES;
				GCC_WARN_ABOUT_RETURN_TYPE = YES_ERROR;
				GCC_WARN_UNDECLARED_SELECTOR = YES;
				GCC_WARN_UNINITIALIZED_AUTOS = YES_AGGRESSIVE;
				GCC_WARN_UNUSED_FUNCTION = YES;
				GCC_WARN_UNUSED_VARIABLE = YES;
				IPHONEOS_DEPLOYMENT_TARGET = 17.2;
				LOCALIZATION_PREFERS_STRING_CATALOGS = YES;
				MTL_ENABLE_DEBUG_INFO = NO;
				MTL_FAST_MATH = YES;
				SDKROOT = iphoneos;
				SWIFT_COMPILATION_MODE = wholemodule;
				VALIDATE_PRODUCT = YES;
			};
			name = Release;
		};
		F16D10862B9DAA5D00EFB463 /* Debug */ = {
			isa = XCBuildConfiguration;
			buildSettings = {
				ASSETCATALOG_COMPILER_APPICON_NAME = AppIcon;
				ASSETCATALOG_COMPILER_GLOBAL_ACCENT_COLOR_NAME = AccentColor;
				CODE_SIGN_STYLE = Automatic;
				CURRENT_PROJECT_VERSION = 1;
				DEVELOPMENT_TEAM = XZS45G9JJF;
				GENERATE_INFOPLIST_FILE = YES;
				INFOPLIST_FILE = SwiftBasic/Info.plist;
				INFOPLIST_KEY_UIApplicationSupportsIndirectInputEvents = YES;
				INFOPLIST_KEY_UILaunchStoryboardName = LaunchScreen;
				INFOPLIST_KEY_UIMainStoryboardFile = Main;
				INFOPLIST_KEY_UISupportedInterfaceOrientations_iPad = "UIInterfaceOrientationPortrait UIInterfaceOrientationPortraitUpsideDown UIInterfaceOrientationLandscapeLeft UIInterfaceOrientationLandscapeRight";
				INFOPLIST_KEY_UISupportedInterfaceOrientations_iPhone = "UIInterfaceOrientationPortrait UIInterfaceOrientationLandscapeLeft UIInterfaceOrientationLandscapeRight";
				LD_RUNPATH_SEARCH_PATHS = (
					"$(inherited)",
					"@executable_path/Frameworks",
				);
				MARKETING_VERSION = 1.0;
				PRODUCT_BUNDLE_IDENTIFIER = com.singularity.SwiftBasic;
				PRODUCT_NAME = "$(TARGET_NAME)";
				SWIFT_EMIT_LOC_STRINGS = YES;
				SWIFT_VERSION = 5.0;
				TARGETED_DEVICE_FAMILY = "1,2";
			};
			name = Debug;
		};
		F16D10872B9DAA5D00EFB463 /* Release */ = {
			isa = XCBuildConfiguration;
			buildSettings = {
				ASSETCATALOG_COMPILER_APPICON_NAME = AppIcon;
				ASSETCATALOG_COMPILER_GLOBAL_ACCENT_COLOR_NAME = AccentColor;
				CODE_SIGN_STYLE = Automatic;
				CURRENT_PROJECT_VERSION = 1;
				DEVELOPMENT_TEAM = XZS45G9JJF;
				GENERATE_INFOPLIST_FILE = YES;
				INFOPLIST_FILE = SwiftBasic/Info.plist;
				INFOPLIST_KEY_UIApplicationSupportsIndirectInputEvents = YES;
				INFOPLIST_KEY_UILaunchStoryboardName = LaunchScreen;
				INFOPLIST_KEY_UIMainStoryboardFile = Main;
				INFOPLIST_KEY_UISupportedInterfaceOrientations_iPad = "UIInterfaceOrientationPortrait UIInterfaceOrientationPortraitUpsideDown UIInterfaceOrientationLandscapeLeft UIInterfaceOrientationLandscapeRight";
				INFOPLIST_KEY_UISupportedInterfaceOrientations_iPhone = "UIInterfaceOrientationPortrait UIInterfaceOrientationLandscapeLeft UIInterfaceOrientationLandscapeRight";
				LD_RUNPATH_SEARCH_PATHS = (
					"$(inherited)",
					"@executable_path/Frameworks",
				);
				MARKETING_VERSION = 1.0;
				PRODUCT_BUNDLE_IDENTIFIER = com.singularity.SwiftBasic;
				PRODUCT_NAME = "$(TARGET_NAME)";
				SWIFT_EMIT_LOC_STRINGS = YES;
				SWIFT_VERSION = 5.0;
				TARGETED_DEVICE_FAMILY = "1,2";
			};
			name = Release;
		};
		F16D10892B9DAA5D00EFB463 /* Debug */ = {
			isa = XCBuildConfiguration;
			buildSettings = {
				ALWAYS_EMBED_SWIFT_STANDARD_LIBRARIES = YES;
				BUNDLE_LOADER = "$(TEST_HOST)";
				CODE_SIGN_STYLE = Automatic;
				CURRENT_PROJECT_VERSION = 1;
				DEVELOPMENT_TEAM = XZS45G9JJF;
				GENERATE_INFOPLIST_FILE = YES;
				IPHONEOS_DEPLOYMENT_TARGET = 17.2;
				MARKETING_VERSION = 1.0;
				PRODUCT_BUNDLE_IDENTIFIER = com.singularity.SwiftBasicTests;
				PRODUCT_NAME = "$(TARGET_NAME)";
				SWIFT_EMIT_LOC_STRINGS = NO;
				SWIFT_VERSION = 5.0;
				TARGETED_DEVICE_FAMILY = "1,2";
				TEST_HOST = "$(BUILT_PRODUCTS_DIR)/SwiftBasic.app/$(BUNDLE_EXECUTABLE_FOLDER_PATH)/SwiftBasic";
			};
			name = Debug;
		};
		F16D108A2B9DAA5D00EFB463 /* Release */ = {
			isa = XCBuildConfiguration;
			buildSettings = {
				ALWAYS_EMBED_SWIFT_STANDARD_LIBRARIES = YES;
				BUNDLE_LOADER = "$(TEST_HOST)";
				CODE_SIGN_STYLE = Automatic;
				CURRENT_PROJECT_VERSION = 1;
				DEVELOPMENT_TEAM = XZS45G9JJF;
				GENERATE_INFOPLIST_FILE = YES;
				IPHONEOS_DEPLOYMENT_TARGET = 17.2;
				MARKETING_VERSION = 1.0;
				PRODUCT_BUNDLE_IDENTIFIER = com.singularity.SwiftBasicTests;
				PRODUCT_NAME = "$(TARGET_NAME)";
				SWIFT_EMIT_LOC_STRINGS = NO;
				SWIFT_VERSION = 5.0;
				TARGETED_DEVICE_FAMILY = "1,2";
				TEST_HOST = "$(BUILT_PRODUCTS_DIR)/SwiftBasic.app/$(BUNDLE_EXECUTABLE_FOLDER_PATH)/SwiftBasic";
			};
			name = Release;
		};
		F16D108C2B9DAA5D00EFB463 /* Debug */ = {
			isa = XCBuildConfiguration;
			buildSettings = {
				ALWAYS_EMBED_SWIFT_STANDARD_LIBRARIES = YES;
				CODE_SIGN_STYLE = Automatic;
				CURRENT_PROJECT_VERSION = 1;
				DEVELOPMENT_TEAM = XZS45G9JJF;
				GENERATE_INFOPLIST_FILE = YES;
				MARKETING_VERSION = 1.0;
				PRODUCT_BUNDLE_IDENTIFIER = com.singularity.SwiftBasicUITests;
				PRODUCT_NAME = "$(TARGET_NAME)";
				SWIFT_EMIT_LOC_STRINGS = NO;
				SWIFT_VERSION = 5.0;
				TARGETED_DEVICE_FAMILY = "1,2";
				TEST_TARGET_NAME = SwiftBasic;
			};
			name = Debug;
		};
		F16D108D2B9DAA5D00EFB463 /* Release */ = {
			isa = XCBuildConfiguration;
			buildSettings = {
				ALWAYS_EMBED_SWIFT_STANDARD_LIBRARIES = YES;
				CODE_SIGN_STYLE = Automatic;
				CURRENT_PROJECT_VERSION = 1;
				DEVELOPMENT_TEAM = XZS45G9JJF;
				GENERATE_INFOPLIST_FILE = YES;
				MARKETING_VERSION = 1.0;
				PRODUCT_BUNDLE_IDENTIFIER = com.singularity.SwiftBasicUITests;
				PRODUCT_NAME = "$(TARGET_NAME)";
				SWIFT_EMIT_LOC_STRINGS = NO;
				SWIFT_VERSION = 5.0;
				TARGETED_DEVICE_FAMILY = "1,2";
				TEST_TARGET_NAME = SwiftBasic;
			};
			name = Release;
		};
/* End XCBuildConfiguration section */

/* Begin XCConfigurationList section */
		F16D10562B9DAA5C00EFB463 /* Build configuration list for PBXProject "SwiftBasic" */ = {
			isa = XCConfigurationList;
			buildConfigurations = (
				F16D10832B9DAA5D00EFB463 /* Debug */,
				F16D10842B9DAA5D00EFB463 /* Release */,
			);
			defaultConfigurationIsVisible = 0;
			defaultConfigurationName = Release;
		};
		F16D10852B9DAA5D00EFB463 /* Build configuration list for PBXNativeTarget "SwiftBasic" */ = {
			isa = XCConfigurationList;
			buildConfigurations = (
				F16D10862B9DAA5D00EFB463 /* Debug */,
				F16D10872B9DAA5D00EFB463 /* Release */,
			);
			defaultConfigurationIsVisible = 0;
			defaultConfigurationName = Release;
		};
		F16D10882B9DAA5D00EFB463 /* Build configuration list for PBXNativeTarget "SwiftBasicTests" */ = {
			isa = XCConfigurationList;
			buildConfigurations = (
				F16D10892B9DAA5D00EFB463 /* Debug */,
				F16D108A2B9DAA5D00EFB463 /* Release */,
			);
			defaultConfigurationIsVisible = 0;
			defaultConfigurationName = Release;
		};
		F16D108B2B9DAA5D00EFB463 /* Build configuration list for PBXNativeTarget "SwiftBasicUITests" */ = {
			isa = XCConfigurationList;
			buildConfigurations = (
				F16D108C2B9DAA5D00EFB463 /* Debug */,
				F16D108D2B9DAA5D00EFB463 /* Release */,
			);
			defaultConfigurationIsVisible = 0;
			defaultConfigurationName = Release;
		};
/* End XCConfigurationList section */
	};
	rootObject = F16D10532B9DAA5C00EFB463 /* Project object */;
}
